{
  "nodes": {
    "nixpkgs": {
      "locked": {
        "lastModified": 1720962530,
        "narHash": "sha256-/N3ZY8Wx9AclloAYsdKcU3I1IWMPBQS4j4+5pSbHXj4=",
        "owner": "paveloom",
        "repo": "nixpkgs",
        "rev": "6aaa37d3f014ed3cc5db1739ef87c9cd400a22cf",
        "type": "github"
      },
      "original": {
        "owner": "paveloom",
        "ref": "system",
        "repo": "nixpkgs",
        "type": "github"
      }
    },
    "root": {
      "inputs": {
        "nixpkgs": "nixpkgs"
      }
    }
  },
  "root": "root",
  "version": 7
}
