{
  "nodes": {
    "nixpkgs": {
      "locked": {
        "lastModified": 1728745025,
        "narHash": "sha256-Oq/VBUXgP2PEUgSGzVfYUl9YlhF4i7Vr3o06cx6m2yA=",
        "owner": "paveloom",
        "repo": "nixpkgs",
        "rev": "e1313f4b92b3f396b25907fdcaffc153542b0a2f",
        "type": "github"
      },
      "original": {
        "owner": "paveloom",
        "ref": "system",
        "repo": "nixpkgs",
        "type": "github"
      }
    },
    "root": {
      "inputs": {
        "nixpkgs": "nixpkgs"
      }
    }
  },
  "root": "root",
  "version": 7
}
